
Microsoft Visual Studio Solution File, Format Version 12.00
# Visual Studio Version 16
VisualStudioVersion = 16.0.31729.503
MinimumVisualStudioVersion = 10.0.40219.1
Project("{9A19103F-16F7-4668-BE54-9A1E7A4F7556}") = "ATM", "ATM.csproj", "{529F48F4-BC8D-4903-A33E-2B82464A4880}"
EndProject
Project("{FAE04EC0-301F-11D3-BF4B-00C04F79EFBC}") = "ATM.TESTS", "..\ATM.TESTS\ATM.TESTS.csproj", "{FCE340DB-4889-4731-8B4D-F54B40FDC86C}"
EndProject
Global
	GlobalSection(SolutionConfigurationPlatforms) = preSolution
		Debug|Any CPU = Debug|Any CPU
		Release|Any CPU = Release|Any CPU
	EndGlobalSection
	GlobalSection(ProjectConfigurationPlatforms) = postSolution
		{529F48F4-BC8D-4903-A33E-2B82464A4880}.Debug|Any CPU.ActiveCfg = Debug|Any CPU
		{529F48F4-BC8D-4903-A33E-2B82464A4880}.Debug|Any CPU.Build.0 = Debug|Any CPU
		{529F48F4-BC8D-4903-A33E-2B82464A4880}.Release|Any CPU.ActiveCfg = Release|Any CPU
		{529F48F4-BC8D-4903-A33E-2B82464A4880}.Release|Any CPU.Build.0 = Release|Any CPU
		{FCE340DB-4889-4731-8B4D-F54B40FDC86C}.Debug|Any CPU.ActiveCfg = Debug|Any CPU
		{FCE340DB-4889-4731-8B4D-F54B40FDC86C}.Debug|Any CPU.Build.0 = Debug|Any CPU
		{FCE340DB-4889-4731-8B4D-F54B40FDC86C}.Release|Any CPU.ActiveCfg = Release|Any CPU
		{FCE340DB-4889-4731-8B4D-F54B40FDC86C}.Release|Any CPU.Build.0 = Release|Any CPU
	EndGlobalSection
	GlobalSection(SolutionProperties) = preSolution
		HideSolutionNode = FALSE
	EndGlobalSection
	GlobalSection(ExtensibilityGlobals) = postSolution
		SolutionGuid = {FF7A126B-804C-40E8-9EBB-0D38E95EDBA9}
	EndGlobalSection
EndGlobal
